
Microsoft Visual Studio Solution File, Format Version 12.00
# Visual Studio 15
VisualStudioVersion = 15.0.28307.779
MinimumVisualStudioVersion = 10.0.40219.1
Project("{FAE04EC0-301F-11D3-BF4B-00C04F79EFBC}") = "accessbaglanti", "accessbaglanti\accessbaglanti.csproj", "{94F51DF5-0772-4E8A-B2A9-3361799F1528}"
EndProject
Global
	GlobalSection(SolutionConfigurationPlatforms) = preSolution
		Debug|Any CPU = Debug|Any CPU
		Release|Any CPU = Release|Any CPU
	EndGlobalSection
	GlobalSection(ProjectConfigurationPlatforms) = postSolution
		{94F51DF5-0772-4E8A-B2A9-3361799F1528}.Debug|Any CPU.ActiveCfg = Debug|Any CPU
		{94F51DF5-0772-4E8A-B2A9-3361799F1528}.Debug|Any CPU.Build.0 = Debug|Any CPU
		{94F51DF5-0772-4E8A-B2A9-3361799F1528}.Release|Any CPU.ActiveCfg = Release|Any CPU
		{94F51DF5-0772-4E8A-B2A9-3361799F1528}.Release|Any CPU.Build.0 = Release|Any CPU
	EndGlobalSection
	GlobalSection(SolutionProperties) = preSolution
		HideSolutionNode = FALSE
	EndGlobalSection
	GlobalSection(ExtensibilityGlobals) = postSolution
		SolutionGuid = {D89A6BEF-1A91-487D-84B9-1DF5A1AE09A9}
	EndGlobalSection
EndGlobal
